
Microsoft Visual Studio Solution File, Format Version 12.00
# Visual Studio Version 17
VisualStudioVersion = 17.9.34728.123
MinimumVisualStudioVersion = 10.0.40219.1
Project("{FAE04EC0-301F-11D3-BF4B-00C04F79EFBC}") = "HASHTABLE_STRUCTURE", "HASHTABLE_STRUCTURE\HASHTABLE_STRUCTURE.csproj", "{08279D17-6668-4F58-A88A-96D006B375F2}"
EndProject
Global
	GlobalSection(SolutionConfigurationPlatforms) = preSolution
		Debug|Any CPU = Debug|Any CPU
		Release|Any CPU = Release|Any CPU
	EndGlobalSection
	GlobalSection(ProjectConfigurationPlatforms) = postSolution
		{08279D17-6668-4F58-A88A-96D006B375F2}.Debug|Any CPU.ActiveCfg = Debug|Any CPU
		{08279D17-6668-4F58-A88A-96D006B375F2}.Debug|Any CPU.Build.0 = Debug|Any CPU
		{08279D17-6668-4F58-A88A-96D006B375F2}.Release|Any CPU.ActiveCfg = Release|Any CPU
		{08279D17-6668-4F58-A88A-96D006B375F2}.Release|Any CPU.Build.0 = Release|Any CPU
	EndGlobalSection
	GlobalSection(SolutionProperties) = preSolution
		HideSolutionNode = FALSE
	EndGlobalSection
	GlobalSection(ExtensibilityGlobals) = postSolution
		SolutionGuid = {161B5AD5-67AB-4FED-980F-960068AD9D2B}
	EndGlobalSection
EndGlobal
